
Microsoft Visual Studio Solution File, Format Version 12.00
# Visual Studio Version 17
VisualStudioVersion = 17.8.34330.188
MinimumVisualStudioVersion = 10.0.40219.1
Project("{FAE04EC0-301F-11D3-BF4B-00C04F79EFBC}") = "Team2_ModernAppliances", "Team2_ModernAppliances.csproj", "{3A7F44AD-681E-4908-A0D4-86F0317FD9D8}"
EndProject
Global
	GlobalSection(SolutionConfigurationPlatforms) = preSolution
		Debug|Any CPU = Debug|Any CPU
		Release|Any CPU = Release|Any CPU
	EndGlobalSection
	GlobalSection(ProjectConfigurationPlatforms) = postSolution
		{3A7F44AD-681E-4908-A0D4-86F0317FD9D8}.Debug|Any CPU.ActiveCfg = Debug|Any CPU
		{3A7F44AD-681E-4908-A0D4-86F0317FD9D8}.Debug|Any CPU.Build.0 = Debug|Any CPU
		{3A7F44AD-681E-4908-A0D4-86F0317FD9D8}.Release|Any CPU.ActiveCfg = Release|Any CPU
		{3A7F44AD-681E-4908-A0D4-86F0317FD9D8}.Release|Any CPU.Build.0 = Release|Any CPU
	EndGlobalSection
	GlobalSection(SolutionProperties) = preSolution
		HideSolutionNode = FALSE
	EndGlobalSection
	GlobalSection(ExtensibilityGlobals) = postSolution
		SolutionGuid = {81416898-E917-4224-8329-813CF32216DE}
	EndGlobalSection
EndGlobal
